
Microsoft Visual Studio Solution File, Format Version 12.00
# Visual Studio Version 17
VisualStudioVersion = 17.0.31903.59
MinimumVisualStudioVersion = 10.0.40219.1
Project("{2150E333-8FDC-42A3-9474-1A3956D46DE8}") = "src", "src", "{827E0CD3-B72D-47B6-A68D-7590B98EB39B}"
EndProject
Project("{2150E333-8FDC-42A3-9474-1A3956D46DE8}") = "ReleaseManagement", "ReleaseManagement", "{8040F485-96A5-0FFB-FD6E-00FB665FD85A}"
EndProject
Project("{2150E333-8FDC-42A3-9474-1A3956D46DE8}") = "Domain", "Domain", "{328A6FA6-CD71-B99F-FD51-2798A3B8923D}"
EndProject
Project("{FAE04EC0-301F-11D3-BF4B-00C04F79EFBC}") = "ReleaseManagement.Domain", "src\ReleaseManagement\Domain\ReleaseManagement.Domain.csproj", "{95DDBB36-A74E-49C3-AAB1-ED3C427334B6}"
EndProject
Project("{2150E333-8FDC-42A3-9474-1A3956D46DE8}") = "Application", "Application", "{512CCBE7-0E1B-D0F4-5B15-5F499934B34A}"
EndProject
Project("{FAE04EC0-301F-11D3-BF4B-00C04F79EFBC}") = "ReleaseManagement.Application", "src\ReleaseManagement\Application\ReleaseManagement.Application.csproj", "{B9F8C128-5FB7-402F-93D3-CC0985305C6F}"
EndProject
Project("{2150E333-8FDC-42A3-9474-1A3956D46DE8}") = "Infrastructure", "Infrastructure", "{C0B37628-2536-8979-5C24-A95984DA0FEA}"
EndProject
Project("{FAE04EC0-301F-11D3-BF4B-00C04F79EFBC}") = "ReleaseManagement.Infrastructure", "src\ReleaseManagement\Infrastructure\ReleaseManagement.Infrastructure.csproj", "{9F925DDC-07F0-4853-BED9-33C715671319}"
EndProject
Project("{2150E333-8FDC-42A3-9474-1A3956D46DE8}") = "apps", "apps", "{1787FE1D-075E-9E68-7218-25F1BD1BBEAB}"
EndProject
Project("{2150E333-8FDC-42A3-9474-1A3956D46DE8}") = "ReleasePilot", "ReleasePilot", "{1AB97C66-00A2-6289-F427-5995B82814DA}"
EndProject
Project("{2150E333-8FDC-42A3-9474-1A3956D46DE8}") = "Api", "Api", "{24904C85-39F4-9CB2-F34B-9423DB5F818E}"
EndProject
Project("{FAE04EC0-301F-11D3-BF4B-00C04F79EFBC}") = "ReleasePilot.Api", "apps\ReleasePilot\Api\ReleasePilot.Api.csproj", "{3BE020FD-028E-4907-8C13-54FE1FEB4DC5}"
EndProject
Project("{2150E333-8FDC-42A3-9474-1A3956D46DE8}") = "Worker", "Worker", "{EF201280-FC3F-D30A-D41C-7D642EF4B11C}"
EndProject
Project("{FAE04EC0-301F-11D3-BF4B-00C04F79EFBC}") = "ReleasePilot.Worker", "apps\ReleasePilot\Worker\ReleasePilot.Worker.csproj", "{D5795BBF-7165-4CE9-AF53-6620D2EC6DF7}"
EndProject
Project("{2150E333-8FDC-42A3-9474-1A3956D46DE8}") = "tests", "tests", "{0AB3BF05-4346-4AA6-1389-037BE0695223}"
EndProject
Project("{FAE04EC0-301F-11D3-BF4B-00C04F79EFBC}") = "ReleaseManagement.Domain.Tests", "tests\ReleaseManagement.Domain.Tests\ReleaseManagement.Domain.Tests.csproj", "{B419D512-3673-4ABB-A49D-6DB81FB13BAD}"
EndProject
Project("{FAE04EC0-301F-11D3-BF4B-00C04F79EFBC}") = "ReleasePilot.IntegrationTests", "tests\ReleasePilot.IntegrationTests\ReleasePilot.IntegrationTests.csproj", "{4BE4479F-065D-4526-B659-009A271E0EC0}"
EndProject
Project("{FAE04EC0-301F-11D3-BF4B-00C04F79EFBC}") = "ReleasePilot.EndToEndTests", "tests\ReleasePilot.EndToEndTests\ReleasePilot.EndToEndTests.csproj", "{AC0F0A5B-DA2E-44DC-B655-12D9810026E0}"
EndProject
Global
	GlobalSection(SolutionConfigurationPlatforms) = preSolution
		Debug|Any CPU = Debug|Any CPU
		Debug|x64 = Debug|x64
		Debug|x86 = Debug|x86
		Release|Any CPU = Release|Any CPU
		Release|x64 = Release|x64
		Release|x86 = Release|x86
	EndGlobalSection
	GlobalSection(ProjectConfigurationPlatforms) = postSolution
		{95DDBB36-A74E-49C3-AAB1-ED3C427334B6}.Debug|Any CPU.ActiveCfg = Debug|Any CPU
		{95DDBB36-A74E-49C3-AAB1-ED3C427334B6}.Debug|Any CPU.Build.0 = Debug|Any CPU
		{95DDBB36-A74E-49C3-AAB1-ED3C427334B6}.Debug|x64.ActiveCfg = Debug|Any CPU
		{95DDBB36-A74E-49C3-AAB1-ED3C427334B6}.Debug|x64.Build.0 = Debug|Any CPU
		{95DDBB36-A74E-49C3-AAB1-ED3C427334B6}.Debug|x86.ActiveCfg = Debug|Any CPU
		{95DDBB36-A74E-49C3-AAB1-ED3C427334B6}.Debug|x86.Build.0 = Debug|Any CPU
		{95DDBB36-A74E-49C3-AAB1-ED3C427334B6}.Release|Any CPU.ActiveCfg = Release|Any CPU
		{95DDBB36-A74E-49C3-AAB1-ED3C427334B6}.Release|Any CPU.Build.0 = Release|Any CPU
		{95DDBB36-A74E-49C3-AAB1-ED3C427334B6}.Release|x64.ActiveCfg = Release|Any CPU
		{95DDBB36-A74E-49C3-AAB1-ED3C427334B6}.Release|x64.Build.0 = Release|Any CPU
		{95DDBB36-A74E-49C3-AAB1-ED3C427334B6}.Release|x86.ActiveCfg = Release|Any CPU
		{95DDBB36-A74E-49C3-AAB1-ED3C427334B6}.Release|x86.Build.0 = Release|Any CPU
		{B9F8C128-5FB7-402F-93D3-CC0985305C6F}.Debug|Any CPU.ActiveCfg = Debug|Any CPU
		{B9F8C128-5FB7-402F-93D3-CC0985305C6F}.Debug|Any CPU.Build.0 = Debug|Any CPU
		{B9F8C128-5FB7-402F-93D3-CC0985305C6F}.Debug|x64.ActiveCfg = Debug|Any CPU
		{B9F8C128-5FB7-402F-93D3-CC0985305C6F}.Debug|x64.Build.0 = Debug|Any CPU
		{B9F8C128-5FB7-402F-93D3-CC0985305C6F}.Debug|x86.ActiveCfg = Debug|Any CPU
		{B9F8C128-5FB7-402F-93D3-CC0985305C6F}.Debug|x86.Build.0 = Debug|Any CPU
		{B9F8C128-5FB7-402F-93D3-CC0985305C6F}.Release|Any CPU.ActiveCfg = Release|Any CPU
		{B9F8C128-5FB7-402F-93D3-CC0985305C6F}.Release|Any CPU.Build.0 = Release|Any CPU
		{B9F8C128-5FB7-402F-93D3-CC0985305C6F}.Release|x64.ActiveCfg = Release|Any CPU
		{B9F8C128-5FB7-402F-93D3-CC0985305C6F}.Release|x64.Build.0 = Release|Any CPU
		{B9F8C128-5FB7-402F-93D3-CC0985305C6F}.Release|x86.ActiveCfg = Release|Any CPU
		{B9F8C128-5FB7-402F-93D3-CC0985305C6F}.Release|x86.Build.0 = Release|Any CPU
		{9F925DDC-07F0-4853-BED9-33C715671319}.Debug|Any CPU.ActiveCfg = Debug|Any CPU
		{9F925DDC-07F0-4853-BED9-33C715671319}.Debug|Any CPU.Build.0 = Debug|Any CPU
		{9F925DDC-07F0-4853-BED9-33C715671319}.Debug|x64.ActiveCfg = Debug|Any CPU
		{9F925DDC-07F0-4853-BED9-33C715671319}.Debug|x64.Build.0 = Debug|Any CPU
		{9F925DDC-07F0-4853-BED9-33C715671319}.Debug|x86.ActiveCfg = Debug|Any CPU
		{9F925DDC-07F0-4853-BED9-33C715671319}.Debug|x86.Build.0 = Debug|Any CPU
		{9F925DDC-07F0-4853-BED9-33C715671319}.Release|Any CPU.ActiveCfg = Release|Any CPU
		{9F925DDC-07F0-4853-BED9-33C715671319}.Release|Any CPU.Build.0 = Release|Any CPU
		{9F925DDC-07F0-4853-BED9-33C715671319}.Release|x64.ActiveCfg = Release|Any CPU
		{9F925DDC-07F0-4853-BED9-33C715671319}.Release|x64.Build.0 = Release|Any CPU
		{9F925DDC-07F0-4853-BED9-33C715671319}.Release|x86.ActiveCfg = Release|Any CPU
		{9F925DDC-07F0-4853-BED9-33C715671319}.Release|x86.Build.0 = Release|Any CPU
		{3BE020FD-028E-4907-8C13-54FE1FEB4DC5}.Debug|Any CPU.ActiveCfg = Debug|Any CPU
		{3BE020FD-028E-4907-8C13-54FE1FEB4DC5}.Debug|Any CPU.Build.0 = Debug|Any CPU
		{3BE020FD-028E-4907-8C13-54FE1FEB4DC5}.Debug|x64.ActiveCfg = Debug|Any CPU
		{3BE020FD-028E-4907-8C13-54FE1FEB4DC5}.Debug|x64.Build.0 = Debug|Any CPU
		{3BE020FD-028E-4907-8C13-54FE1FEB4DC5}.Debug|x86.ActiveCfg = Debug|Any CPU
		{3BE020FD-028E-4907-8C13-54FE1FEB4DC5}.Debug|x86.Build.0 = Debug|Any CPU
		{3BE020FD-028E-4907-8C13-54FE1FEB4DC5}.Release|Any CPU.ActiveCfg = Release|Any CPU
		{3BE020FD-028E-4907-8C13-54FE1FEB4DC5}.Release|Any CPU.Build.0 = Release|Any CPU
		{3BE020FD-028E-4907-8C13-54FE1FEB4DC5}.Release|x64.ActiveCfg = Release|Any CPU
		{3BE020FD-028E-4907-8C13-54FE1FEB4DC5}.Release|x64.Build.0 = Release|Any CPU
		{3BE020FD-028E-4907-8C13-54FE1FEB4DC5}.Release|x86.ActiveCfg = Release|Any CPU
		{3BE020FD-028E-4907-8C13-54FE1FEB4DC5}.Release|x86.Build.0 = Release|Any CPU
		{D5795BBF-7165-4CE9-AF53-6620D2EC6DF7}.Debug|Any CPU.ActiveCfg = Debug|Any CPU
		{D5795BBF-7165-4CE9-AF53-6620D2EC6DF7}.Debug|Any CPU.Build.0 = Debug|Any CPU
		{D5795BBF-7165-4CE9-AF53-6620D2EC6DF7}.Debug|x64.ActiveCfg = Debug|Any CPU
		{D5795BBF-7165-4CE9-AF53-6620D2EC6DF7}.Debug|x64.Build.0 = Debug|Any CPU
		{D5795BBF-7165-4CE9-AF53-6620D2EC6DF7}.Debug|x86.ActiveCfg = Debug|Any CPU
		{D5795BBF-7165-4CE9-AF53-6620D2EC6DF7}.Debug|x86.Build.0 = Debug|Any CPU
		{D5795BBF-7165-4CE9-AF53-6620D2EC6DF7}.Release|Any CPU.ActiveCfg = Release|Any CPU
		{D5795BBF-7165-4CE9-AF53-6620D2EC6DF7}.Release|Any CPU.Build.0 = Release|Any CPU
		{D5795BBF-7165-4CE9-AF53-6620D2EC6DF7}.Release|x64.ActiveCfg = Release|Any CPU
		{D5795BBF-7165-4CE9-AF53-6620D2EC6DF7}.Release|x64.Build.0 = Release|Any CPU
		{D5795BBF-7165-4CE9-AF53-6620D2EC6DF7}.Release|x86.ActiveCfg = Release|Any CPU
		{D5795BBF-7165-4CE9-AF53-6620D2EC6DF7}.Release|x86.Build.0 = Release|Any CPU
		{B419D512-3673-4ABB-A49D-6DB81FB13BAD}.Debug|Any CPU.ActiveCfg = Debug|Any CPU
		{B419D512-3673-4ABB-A49D-6DB81FB13BAD}.Debug|Any CPU.Build.0 = Debug|Any CPU
		{B419D512-3673-4ABB-A49D-6DB81FB13BAD}.Debug|x64.ActiveCfg = Debug|Any CPU
		{B419D512-3673-4ABB-A49D-6DB81FB13BAD}.Debug|x64.Build.0 = Debug|Any CPU
		{B419D512-3673-4ABB-A49D-6DB81FB13BAD}.Debug|x86.ActiveCfg = Debug|Any CPU
		{B419D512-3673-4ABB-A49D-6DB81FB13BAD}.Debug|x86.Build.0 = Debug|Any CPU
		{B419D512-3673-4ABB-A49D-6DB81FB13BAD}.Release|Any CPU.ActiveCfg = Release|Any CPU
		{B419D512-3673-4ABB-A49D-6DB81FB13BAD}.Release|Any CPU.Build.0 = Release|Any CPU
		{B419D512-3673-4ABB-A49D-6DB81FB13BAD}.Release|x64.ActiveCfg = Release|Any CPU
		{B419D512-3673-4ABB-A49D-6DB81FB13BAD}.Release|x64.Build.0 = Release|Any CPU
		{B419D512-3673-4ABB-A49D-6DB81FB13BAD}.Release|x86.ActiveCfg = Release|Any CPU
		{B419D512-3673-4ABB-A49D-6DB81FB13BAD}.Release|x86.Build.0 = Release|Any CPU
		{4BE4479F-065D-4526-B659-009A271E0EC0}.Debug|Any CPU.ActiveCfg = Debug|Any CPU
		{4BE4479F-065D-4526-B659-009A271E0EC0}.Debug|Any CPU.Build.0 = Debug|Any CPU
		{4BE4479F-065D-4526-B659-009A271E0EC0}.Debug|x64.ActiveCfg = Debug|Any CPU
		{4BE4479F-065D-4526-B659-009A271E0EC0}.Debug|x64.Build.0 = Debug|Any CPU
		{4BE4479F-065D-4526-B659-009A271E0EC0}.Debug|x86.ActiveCfg = Debug|Any CPU
		{4BE4479F-065D-4526-B659-009A271E0EC0}.Debug|x86.Build.0 = Debug|Any CPU
		{4BE4479F-065D-4526-B659-009A271E0EC0}.Release|Any CPU.ActiveCfg = Release|Any CPU
		{4BE4479F-065D-4526-B659-009A271E0EC0}.Release|Any CPU.Build.0 = Release|Any CPU
		{4BE4479F-065D-4526-B659-009A271E0EC0}.Release|x64.ActiveCfg = Release|Any CPU
		{4BE4479F-065D-4526-B659-009A271E0EC0}.Release|x64.Build.0 = Release|Any CPU
		{4BE4479F-065D-4526-B659-009A271E0EC0}.Release|x86.ActiveCfg = Release|Any CPU
		{4BE4479F-065D-4526-B659-009A271E0EC0}.Release|x86.Build.0 = Release|Any CPU
		{AC0F0A5B-DA2E-44DC-B655-12D9810026E0}.Debug|Any CPU.ActiveCfg = Debug|Any CPU
		{AC0F0A5B-DA2E-44DC-B655-12D9810026E0}.Debug|Any CPU.Build.0 = Debug|Any CPU
		{AC0F0A5B-DA2E-44DC-B655-12D9810026E0}.Debug|x64.ActiveCfg = Debug|Any CPU
		{AC0F0A5B-DA2E-44DC-B655-12D9810026E0}.Debug|x64.Build.0 = Debug|Any CPU
		{AC0F0A5B-DA2E-44DC-B655-12D9810026E0}.Debug|x86.ActiveCfg = Debug|Any CPU
		{AC0F0A5B-DA2E-44DC-B655-12D9810026E0}.Debug|x86.Build.0 = Debug|Any CPU
		{AC0F0A5B-DA2E-44DC-B655-12D9810026E0}.Release|Any CPU.ActiveCfg = Release|Any CPU
		{AC0F0A5B-DA2E-44DC-B655-12D9810026E0}.Release|Any CPU.Build.0 = Release|Any CPU
		{AC0F0A5B-DA2E-44DC-B655-12D9810026E0}.Release|x64.ActiveCfg = Release|Any CPU
		{AC0F0A5B-DA2E-44DC-B655-12D9810026E0}.Release|x64.Build.0 = Release|Any CPU
		{AC0F0A5B-DA2E-44DC-B655-12D9810026E0}.Release|x86.ActiveCfg = Release|Any CPU
		{AC0F0A5B-DA2E-44DC-B655-12D9810026E0}.Release|x86.Build.0 = Release|Any CPU
	EndGlobalSection
	GlobalSection(SolutionProperties) = preSolution
		HideSolutionNode = FALSE
	EndGlobalSection
	GlobalSection(NestedProjects) = preSolution
		{8040F485-96A5-0FFB-FD6E-00FB665FD85A} = {827E0CD3-B72D-47B6-A68D-7590B98EB39B}
		{328A6FA6-CD71-B99F-FD51-2798A3B8923D} = {8040F485-96A5-0FFB-FD6E-00FB665FD85A}
		{95DDBB36-A74E-49C3-AAB1-ED3C427334B6} = {328A6FA6-CD71-B99F-FD51-2798A3B8923D}
		{512CCBE7-0E1B-D0F4-5B15-5F499934B34A} = {8040F485-96A5-0FFB-FD6E-00FB665FD85A}
		{B9F8C128-5FB7-402F-93D3-CC0985305C6F} = {512CCBE7-0E1B-D0F4-5B15-5F499934B34A}
		{C0B37628-2536-8979-5C24-A95984DA0FEA} = {8040F485-96A5-0FFB-FD6E-00FB665FD85A}
		{9F925DDC-07F0-4853-BED9-33C715671319} = {C0B37628-2536-8979-5C24-A95984DA0FEA}
		{1AB97C66-00A2-6289-F427-5995B82814DA} = {1787FE1D-075E-9E68-7218-25F1BD1BBEAB}
		{24904C85-39F4-9CB2-F34B-9423DB5F818E} = {1AB97C66-00A2-6289-F427-5995B82814DA}
		{3BE020FD-028E-4907-8C13-54FE1FEB4DC5} = {24904C85-39F4-9CB2-F34B-9423DB5F818E}
		{EF201280-FC3F-D30A-D41C-7D642EF4B11C} = {1AB97C66-00A2-6289-F427-5995B82814DA}
		{D5795BBF-7165-4CE9-AF53-6620D2EC6DF7} = {EF201280-FC3F-D30A-D41C-7D642EF4B11C}
		{B419D512-3673-4ABB-A49D-6DB81FB13BAD} = {0AB3BF05-4346-4AA6-1389-037BE0695223}
		{4BE4479F-065D-4526-B659-009A271E0EC0} = {0AB3BF05-4346-4AA6-1389-037BE0695223}
		{AC0F0A5B-DA2E-44DC-B655-12D9810026E0} = {0AB3BF05-4346-4AA6-1389-037BE0695223}
	EndGlobalSection
EndGlobal
